// !$*UTF8*$!
{
	archiveVersion = 1;
	classes = {
	};
	objectVersion = 55;
	objects = {

/* Begin PBXBuildFile section */
		02E3171528D2193A00E6C06F /* CcPrepApp.swift in Sources */ = {isa = PBXBuildFile; fileRef = 02E3171428D2193A00E6C06F /* CcPrepApp.swift */; };
		02E3171728D2193A00E6C06F /* MainView.swift in Sources */ = {isa = PBXBuildFile; fileRef = 02E3171628D2193A00E6C06F /* MainView.swift */; };
		02E3171928D2193C00E6C06F /* Assets.xcassets in Resources */ = {isa = PBXBuildFile; fileRef = 02E3171828D2193C00E6C06F /* Assets.xcassets */; };
		02E3171C28D2193C00E6C06F /* Preview Assets.xcassets in Resources */ = {isa = PBXBuildFile; fileRef = 02E3171B28D2193C00E6C06F /* Preview Assets.xcassets */; };
		02E3172328D21EC500E6C06F /* PeopleAt.swift in Sources */ = {isa = PBXBuildFile; fileRef = 02E3172228D21EC500E6C06F /* PeopleAt.swift */; };
		02E3172A28D2282500E6C06F /* DemoViewModel.swift in Sources */ = {isa = PBXBuildFile; fileRef = 02E3172928D2282500E6C06F /* DemoViewModel.swift */; };
		02E3172D28D230C900E6C06F /* UIColor+Extensions.swift in Sources */ = {isa = PBXBuildFile; fileRef = 02E3172C28D230C900E6C06F /* UIColor+Extensions.swift */; };
		02E3172F28D24BD800E6C06F /* CustomList.swift in Sources */ = {isa = PBXBuildFile; fileRef = 02E3172E28D24BD800E6C06F /* CustomList.swift */; };
		02E3173128D276DF00E6C06F /* CustomPicker.swift in Sources */ = {isa = PBXBuildFile; fileRef = 02E3173028D276DF00E6C06F /* CustomPicker.swift */; };
		02E3173328D378FE00E6C06F /* View+Extensions.swift in Sources */ = {isa = PBXBuildFile; fileRef = 02E3173228D378FE00E6C06F /* View+Extensions.swift */; };
/* End PBXBuildFile section */

/* Begin PBXFileReference section */
		02E3171128D2193A00E6C06F /* CcPrep.app */ = {isa = PBXFileReference; explicitFileType = wrapper.application; includeInIndex = 0; path = CcPrep.app; sourceTree = BUILT_PRODUCTS_DIR; };
		02E3171428D2193A00E6C06F /* CcPrepApp.swift */ = {isa = PBXFileReference; lastKnownFileType = sourcecode.swift; path = CcPrepApp.swift; sourceTree = "<group>"; };
		02E3171628D2193A00E6C06F /* MainView.swift */ = {isa = PBXFileReference; lastKnownFileType = sourcecode.swift; path = MainView.swift; sourceTree = "<group>"; };
		02E3171828D2193C00E6C06F /* Assets.xcassets */ = {isa = PBXFileReference; lastKnownFileType = folder.assetcatalog; path = Assets.xcassets; sourceTree = "<group>"; };
		02E3171B28D2193C00E6C06F /* Preview Assets.xcassets */ = {isa = PBXFileReference; lastKnownFileType = folder.assetcatalog; path = "Preview Assets.xcassets"; sourceTree = "<group>"; };
		02E3172228D21EC500E6C06F /* PeopleAt.swift */ = {isa = PBXFileReference; lastKnownFileType = sourcecode.swift; path = PeopleAt.swift; sourceTree = "<group>"; };
		02E3172928D2282500E6C06F /* DemoViewModel.swift */ = {isa = PBXFileReference; lastKnownFileType = sourcecode.swift; path = DemoViewModel.swift; sourceTree = "<group>"; };
		02E3172C28D230C900E6C06F /* UIColor+Extensions.swift */ = {isa = PBXFileReference; lastKnownFileType = sourcecode.swift; path = "UIColor+Extensions.swift"; sourceTree = "<group>"; };
		02E3172E28D24BD800E6C06F /* CustomList.swift */ = {isa = PBXFileReference; lastKnownFileType = sourcecode.swift; path = CustomList.swift; sourceTree = "<group>"; };
		02E3173028D276DF00E6C06F /* CustomPicker.swift */ = {isa = PBXFileReference; lastKnownFileType = sourcecode.swift; path = CustomPicker.swift; sourceTree = "<group>"; };
		02E3173228D378FE00E6C06F /* View+Extensions.swift */ = {isa = PBXFileReference; lastKnownFileType = sourcecode.swift; path = "View+Extensions.swift"; sourceTree = "<group>"; };
/* End PBXFileReference section */

/* Begin PBXFrameworksBuildPhase section */
		02E3170E28D2193A00E6C06F /* Frameworks */ = {
			isa = PBXFrameworksBuildPhase;
			buildActionMask = 2147483647;
			files = (
			);
			runOnlyForDeploymentPostprocessing = 0;
		};
/* End PBXFrameworksBuildPhase section */

/* Begin PBXGroup section */
		02E3170828D2193900E6C06F = {
			isa = PBXGroup;
			children = (
				02E3171328D2193A00E6C06F /* CcPrep */,
				02E3171228D2193A00E6C06F /* Products */,
			);
			sourceTree = "<group>";
		};
		02E3171228D2193A00E6C06F /* Products */ = {
			isa = PBXGroup;
			children = (
				02E3171128D2193A00E6C06F /* CcPrep.app */,
			);
			name = Products;
			sourceTree = "<group>";
		};
		02E3171328D2193A00E6C06F /* CcPrep */ = {
			isa = PBXGroup;
			children = (
				02E3172B28D2307500E6C06F /* extensions */,
				02E3172828D2280100E6C06F /* viewmodels */,
				02E3172428D21ED700E6C06F /* views */,
				02E3171428D2193A00E6C06F /* CcPrepApp.swift */,
				02E3171828D2193C00E6C06F /* Assets.xcassets */,
				02E3171A28D2193C00E6C06F /* Preview Content */,
			);
			path = CcPrep;
			sourceTree = "<group>";
		};
		02E3171A28D2193C00E6C06F /* Preview Content */ = {
			isa = PBXGroup;
			children = (
				02E3171B28D2193C00E6C06F /* Preview Assets.xcassets */,
			);
			path = "Preview Content";
			sourceTree = "<group>";
		};
		02E3172428D21ED700E6C06F /* views */ = {
			isa = PBXGroup;
			children = (
				02E3172E28D24BD800E6C06F /* CustomList.swift */,
				02E3173028D276DF00E6C06F /* CustomPicker.swift */,
				02E3171628D2193A00E6C06F /* MainView.swift */,
				02E3172228D21EC500E6C06F /* PeopleAt.swift */,
			);
			path = views;
			sourceTree = "<group>";
		};
		02E3172828D2280100E6C06F /* viewmodels */ = {
			isa = PBXGroup;
			children = (
				02E3172928D2282500E6C06F /* DemoViewModel.swift */,
			);
			path = viewmodels;
			sourceTree = "<group>";
		};
		02E3172B28D2307500E6C06F /* extensions */ = {
			isa = PBXGroup;
			children = (
				02E3172C28D230C900E6C06F /* UIColor+Extensions.swift */,
				02E3173228D378FE00E6C06F /* View+Extensions.swift */,
			);
			path = extensions;
			sourceTree = "<group>";
		};
/* End PBXGroup section */

/* Begin PBXNativeTarget section */
		02E3171028D2193A00E6C06F /* CcPrep */ = {
			isa = PBXNativeTarget;
			buildConfigurationList = 02E3171F28D2193C00E6C06F /* Build configuration list for PBXNativeTarget "CcPrep" */;
			buildPhases = (
				02E3170D28D2193A00E6C06F /* Sources */,
				02E3170E28D2193A00E6C06F /* Frameworks */,
				02E3170F28D2193A00E6C06F /* Resources */,
			);
			buildRules = (
			);
			dependencies = (
			);
			name = CcPrep;
			productName = CcPrep;
			productReference = 02E3171128D2193A00E6C06F /* CcPrep.app */;
			productType = "com.apple.product-type.application";
		};
/* End PBXNativeTarget section */

/* Begin PBXProject section */
		02E3170928D2193900E6C06F /* Project object */ = {
			isa = PBXProject;
			attributes = {
				BuildIndependentTargetsInParallel = 1;
				LastSwiftUpdateCheck = 1340;
				LastUpgradeCheck = 1340;
				TargetAttributes = {
					02E3171028D2193A00E6C06F = {
						CreatedOnToolsVersion = 13.4.1;
					};
				};
			};
			buildConfigurationList = 02E3170C28D2193900E6C06F /* Build configuration list for PBXProject "CcPrep" */;
			compatibilityVersion = "Xcode 13.0";
			developmentRegion = en;
			hasScannedForEncodings = 0;
			knownRegions = (
				en,
				Base,
			);
			mainGroup = 02E3170828D2193900E6C06F;
			productRefGroup = 02E3171228D2193A00E6C06F /* Products */;
			projectDirPath = "";
			projectRoot = "";
			targets = (
				02E3171028D2193A00E6C06F /* CcPrep */,
			);
		};
/* End PBXProject section */

/* Begin PBXResourcesBuildPhase section */
		02E3170F28D2193A00E6C06F /* Resources */ = {
			isa = PBXResourcesBuildPhase;
			buildActionMask = 2147483647;
			files = (
				02E3171C28D2193C00E6C06F /* Preview Assets.xcassets in Resources */,
				02E3171928D2193C00E6C06F /* Assets.xcassets in Resources */,
			);
			runOnlyForDeploymentPostprocessing = 0;
		};
/* End PBXResourcesBuildPhase section */

/* Begin PBXSourcesBuildPhase section */
		02E3170D28D2193A00E6C06F /* Sources */ = {
			isa = PBXSourcesBuildPhase;
			buildActionMask = 2147483647;
			files = (
				02E3171728D2193A00E6C06F /* MainView.swift in Sources */,
				02E3173128D276DF00E6C06F /* CustomPicker.swift in Sources */,
				02E3172D28D230C900E6C06F /* UIColor+Extensions.swift in Sources */,
				02E3172328D21EC500E6C06F /* PeopleAt.swift in Sources */,
				02E3171528D2193A00E6C06F /* CcPrepApp.swift in Sources */,
				02E3172A28D2282500E6C06F /* DemoViewModel.swift in Sources */,
				02E3173328D378FE00E6C06F /* View+Extensions.swift in Sources */,
				02E3172F28D24BD800E6C06F /* CustomList.swift in Sources */,
			);
			runOnlyForDeploymentPostprocessing = 0;
		};
/* End PBXSourcesBuildPhase section */

/* Begin XCBuildConfiguration section */
		02E3171D28D2193C00E6C06F /* Debug */ = {
			isa = XCBuildConfiguration;
			buildSettings = {
				ALWAYS_SEARCH_USER_PATHS = NO;
				CLANG_ANALYZER_NONNULL = YES;
				CLANG_ANALYZER_NUMBER_OBJECT_CONVERSION = YES_AGGRESSIVE;
				CLANG_CXX_LANGUAGE_STANDARD = "gnu++17";
				CLANG_ENABLE_MODULES = YES;
				CLANG_ENABLE_OBJC_ARC = YES;
				CLANG_ENABLE_OBJC_WEAK = YES;
				CLANG_WARN_BLOCK_CAPTURE_AUTORELEASING = YES;
				CLANG_WARN_BOOL_CONVERSION = YES;
				CLANG_WARN_COMMA = YES;
				CLANG_WARN_CONSTANT_CONVERSION = YES;
				CLANG_WARN_DEPRECATED_OBJC_IMPLEMENTATIONS = YES;
				CLANG_WARN_DIRECT_OBJC_ISA_USAGE = YES_ERROR;
				CLANG_WARN_DOCUMENTATION_COMMENTS = YES;
				CLANG_WARN_EMPTY_BODY = YES;
				CLANG_WARN_ENUM_CONVERSION = YES;
				CLANG_WARN_INFINITE_RECURSION = YES;
				CLANG_WARN_INT_CONVERSION = YES;
				CLANG_WARN_NON_LITERAL_NULL_CONVERSION = YES;
				CLANG_WARN_OBJC_IMPLICIT_RETAIN_SELF = YES;
				CLANG_WARN_OBJC_LITERAL_CONVERSION = YES;
				CLANG_WARN_OBJC_ROOT_CLASS = YES_ERROR;
				CLANG_WARN_QUOTED_INCLUDE_IN_FRAMEWORK_HEADER = YES;
				CLANG_WARN_RANGE_LOOP_ANALYSIS = YES;
				CLANG_WARN_STRICT_PROTOTYPES = YES;
				CLANG_WARN_SUSPICIOUS_MOVE = YES;
				CLANG_WARN_UNGUARDED_AVAILABILITY = YES_AGGRESSIVE;
				CLANG_WARN_UNREACHABLE_CODE = YES;
				CLANG_WARN__DUPLICATE_METHOD_MATCH = YES;
				COPY_PHASE_STRIP = NO;
				DEBUG_INFORMATION_FORMAT = dwarf;
				ENABLE_STRICT_OBJC_MSGSEND = YES;
				ENABLE_TESTABILITY = YES;
				GCC_C_LANGUAGE_STANDARD = gnu11;
				GCC_DYNAMIC_NO_PIC = NO;
				GCC_NO_COMMON_BLOCKS = YES;
				GCC_OPTIMIZATION_LEVEL = 0;
				GCC_PREPROCESSOR_DEFINITIONS = (
					"DEBUG=1",
					"$(inherited)",
				);
				GCC_WARN_64_TO_32_BIT_CONVERSION = YES;
				GCC_WARN_ABOUT_RETURN_TYPE = YES_ERROR;
				GCC_WARN_UNDECLARED_SELECTOR = YES;
				GCC_WARN_UNINITIALIZED_AUTOS = YES_AGGRESSIVE;
				GCC_WARN_UNUSED_FUNCTION = YES;
				GCC_WARN_UNUSED_VARIABLE = YES;
				IPHONEOS_DEPLOYMENT_TARGET = 15.5;
				MTL_ENABLE_DEBUG_INFO = INCLUDE_SOURCE;
				MTL_FAST_MATH = YES;
				ONLY_ACTIVE_ARCH = YES;
				SDKROOT = iphoneos;
				SWIFT_ACTIVE_COMPILATION_CONDITIONS = DEBUG;
				SWIFT_OPTIMIZATION_LEVEL = "-Onone";
			};
			name = Debug;
		};
		02E3171E28D2193C00E6C06F /* Release */ = {
			isa = XCBuildConfiguration;
			buildSettings = {
				ALWAYS_SEARCH_USER_PATHS = NO;
				CLANG_ANALYZER_NONNULL = YES;
				CLANG_ANALYZER_NUMBER_OBJECT_CONVERSION = YES_AGGRESSIVE;
				CLANG_CXX_LANGUAGE_STANDARD = "gnu++17";
				CLANG_ENABLE_MODULES = YES;
				CLANG_ENABLE_OBJC_ARC = YES;
				CLANG_ENABLE_OBJC_WEAK = YES;
				CLANG_WARN_BLOCK_CAPTURE_AUTORELEASING = YES;
				CLANG_WARN_BOOL_CONVERSION = YES;
				CLANG_WARN_COMMA = YES;
				CLANG_WARN_CONSTANT_CONVERSION = YES;
				CLANG_WARN_DEPRECATED_OBJC_IMPLEMENTATIONS = YES;
				CLANG_WARN_DIRECT_OBJC_ISA_USAGE = YES_ERROR;
				CLANG_WARN_DOCUMENTATION_COMMENTS = YES;
				CLANG_WARN_EMPTY_BODY = YES;
				CLANG_WARN_ENUM_CONVERSION = YES;
				CLANG_WARN_INFINITE_RECURSION = YES;
				CLANG_WARN_INT_CONVERSION = YES;
				CLANG_WARN_NON_LITERAL_NULL_CONVERSION = YES;
				CLANG_WARN_OBJC_IMPLICIT_RETAIN_SELF = YES;
				CLANG_WARN_OBJC_LITERAL_CONVERSION = YES;
				CLANG_WARN_OBJC_ROOT_CLASS = YES_ERROR;
				CLANG_WARN_QUOTED_INCLUDE_IN_FRAMEWORK_HEADER = YES;
				CLANG_WARN_RANGE_LOOP_ANALYSIS = YES;
				CLANG_WARN_STRICT_PROTOTYPES = YES;
				CLANG_WARN_SUSPICIOUS_MOVE = YES;
				CLANG_WARN_UNGUARDED_AVAILABILITY = YES_AGGRESSIVE;
				CLANG_WARN_UNREACHABLE_CODE = YES;
				CLANG_WARN__DUPLICATE_METHOD_MATCH = YES;
				COPY_PHASE_STRIP = NO;
				DEBUG_INFORMATION_FORMAT = "dwarf-with-dsym";
				ENABLE_NS_ASSERTIONS = NO;
				ENABLE_STRICT_OBJC_MSGSEND = YES;
				GCC_C_LANGUAGE_STANDARD = gnu11;
				GCC_NO_COMMON_BLOCKS = YES;
				GCC_WARN_64_TO_32_BIT_CONVERSION = YES;
				GCC_WARN_ABOUT_RETURN_TYPE = YES_ERROR;
				GCC_WARN_UNDECLARED_SELECTOR = YES;
				GCC_WARN_UNINITIALIZED_AUTOS = YES_AGGRESSIVE;
				GCC_WARN_UNUSED_FUNCTION = YES;
				GCC_WARN_UNUSED_VARIABLE = YES;
				IPHONEOS_DEPLOYMENT_TARGET = 15.5;
				MTL_ENABLE_DEBUG_INFO = NO;
				MTL_FAST_MATH = YES;
				SDKROOT = iphoneos;
				SWIFT_COMPILATION_MODE = wholemodule;
				SWIFT_OPTIMIZATION_LEVEL = "-O";
				VALIDATE_PRODUCT = YES;
			};
			name = Release;
		};
		02E3172028D2193C00E6C06F /* Debug */ = {
			isa = XCBuildConfiguration;
			buildSettings = {
				ASSETCATALOG_COMPILER_APPICON_NAME = AppIcon;
				ASSETCATALOG_COMPILER_GLOBAL_ACCENT_COLOR_NAME = AccentColor;
				CODE_SIGN_STYLE = Automatic;
				CURRENT_PROJECT_VERSION = 1;
				DEVELOPMENT_ASSET_PATHS = "\"CcPrep/Preview Content\"";
				DEVELOPMENT_TEAM = 696V2968Y3;
				ENABLE_PREVIEWS = YES;
				GENERATE_INFOPLIST_FILE = YES;
				INFOPLIST_KEY_NSLocationAlwaysAndWhenInUseUsageDescription = "Allow access to your GPS please";
				INFOPLIST_KEY_NSLocationWhenInUseUsageDescription = "Please allow access to your GPS";
				INFOPLIST_KEY_UIApplicationSceneManifest_Generation = YES;
				INFOPLIST_KEY_UIApplicationSupportsIndirectInputEvents = YES;
				INFOPLIST_KEY_UILaunchScreen_Generation = YES;
				INFOPLIST_KEY_UISupportedInterfaceOrientations_iPad = "UIInterfaceOrientationPortrait UIInterfaceOrientationPortraitUpsideDown UIInterfaceOrientationLandscapeLeft UIInterfaceOrientationLandscapeRight";
				INFOPLIST_KEY_UISupportedInterfaceOrientations_iPhone = "UIInterfaceOrientationPortrait UIInterfaceOrientationLandscapeLeft UIInterfaceOrientationLandscapeRight";
				LD_RUNPATH_SEARCH_PATHS = (
					"$(inherited)",
					"@executable_path/Frameworks",
				);
				MARKETING_VERSION = 1.0;
				PRODUCT_BUNDLE_IDENTIFIER = com.robertsoft.CcPrep;
				PRODUCT_NAME = "$(TARGET_NAME)";
				SWIFT_EMIT_LOC_STRINGS = YES;
				SWIFT_VERSION = 5.0;
				TARGETED_DEVICE_FAMILY = "1,2";
			};
			name = Debug;
		};
		02E3172128D2193C00E6C06F /* Release */ = {
			isa = XCBuildConfiguration;
			buildSettings = {
				ASSETCATALOG_COMPILER_APPICON_NAME = AppIcon;
				ASSETCATALOG_COMPILER_GLOBAL_ACCENT_COLOR_NAME = AccentColor;
				CODE_SIGN_STYLE = Automatic;
				CURRENT_PROJECT_VERSION = 1;
				DEVELOPMENT_ASSET_PATHS = "\"CcPrep/Preview Content\"";
				DEVELOPMENT_TEAM = 696V2968Y3;
				ENABLE_PREVIEWS = YES;
				GENERATE_INFOPLIST_FILE = YES;
				INFOPLIST_KEY_NSLocationAlwaysAndWhenInUseUsageDescription = "Allow access to your GPS please";
				INFOPLIST_KEY_NSLocationWhenInUseUsageDescription = "Please allow access to your GPS";
				INFOPLIST_KEY_UIApplicationSceneManifest_Generation = YES;
				INFOPLIST_KEY_UIApplicationSupportsIndirectInputEvents = YES;
				INFOPLIST_KEY_UILaunchScreen_Generation = YES;
				INFOPLIST_KEY_UISupportedInterfaceOrientations_iPad = "UIInterfaceOrientationPortrait UIInterfaceOrientationPortraitUpsideDown UIInterfaceOrientationLandscapeLeft UIInterfaceOrientationLandscapeRight";
				INFOPLIST_KEY_UISupportedInterfaceOrientations_iPhone = "UIInterfaceOrientationPortrait UIInterfaceOrientationLandscapeLeft UIInterfaceOrientationLandscapeRight";
				LD_RUNPATH_SEARCH_PATHS = (
					"$(inherited)",
					"@executable_path/Frameworks",
				);
				MARKETING_VERSION = 1.0;
				PRODUCT_BUNDLE_IDENTIFIER = com.robertsoft.CcPrep;
				PRODUCT_NAME = "$(TARGET_NAME)";
				SWIFT_EMIT_LOC_STRINGS = YES;
				SWIFT_VERSION = 5.0;
				TARGETED_DEVICE_FAMILY = "1,2";
			};
			name = Release;
		};
/* End XCBuildConfiguration section */

/* Begin XCConfigurationList section */
		02E3170C28D2193900E6C06F /* Build configuration list for PBXProject "CcPrep" */ = {
			isa = XCConfigurationList;
			buildConfigurations = (
				02E3171D28D2193C00E6C06F /* Debug */,
				02E3171E28D2193C00E6C06F /* Release */,
			);
			defaultConfigurationIsVisible = 0;
			defaultConfigurationName = Release;
		};
		02E3171F28D2193C00E6C06F /* Build configuration list for PBXNativeTarget "CcPrep" */ = {
			isa = XCConfigurationList;
			buildConfigurations = (
				02E3172028D2193C00E6C06F /* Debug */,
				02E3172128D2193C00E6C06F /* Release */,
			);
			defaultConfigurationIsVisible = 0;
			defaultConfigurationName = Release;
		};
/* End XCConfigurationList section */
	};
	rootObject = 02E3170928D2193900E6C06F /* Project object */;
}
